
Microsoft Visual Studio Solution File, Format Version 12.00
# Visual Studio Version 17
VisualStudioVersion = 17.14.36717.8
MinimumVisualStudioVersion = 10.0.40219.1
Project("{2150E333-8FDC-42A3-9474-1A3956D46DE8}") = "SignalRApi", "SignalRApi", "{02EA681E-C7D8-13C7-8484-4AC65E1B71E8}"
EndProject
Project("{2150E333-8FDC-42A3-9474-1A3956D46DE8}") = "Frontend", "Frontend", "{A217E0A9-55BD-4664-9408-388EE8E7EC15}"
EndProject
Project("{FAE04EC0-301F-11D3-BF4B-00C04F79EFBC}") = "SignalRApiProject", "SignalRApiProject\SignalRApiProject.csproj", "{A47F2AF0-E9CF-4117-8C13-FD0EDFB7C8C4}"
EndProject
Project("{FAE04EC0-301F-11D3-BF4B-00C04F79EFBC}") = "EntityLayer", "EntityLayer1\EntityLayer.csproj", "{1637CEF0-5E13-4E8B-91A0-3223856CFD4E}"
EndProject
Project("{FAE04EC0-301F-11D3-BF4B-00C04F79EFBC}") = "DataAccessLayer", "DataAccessLayer1\DataAccessLayer.csproj", "{92D3E1B9-B75C-4848-A398-756667F94EAE}"
EndProject
Project("{FAE04EC0-301F-11D3-BF4B-00C04F79EFBC}") = "BusinessLayer", "BusinessLayer1\BusinessLayer.csproj", "{E3B4F0A1-8074-41D1-A01A-752D955345F6}"
EndProject
Project("{FAE04EC0-301F-11D3-BF4B-00C04F79EFBC}") = "SignalRWebUI", "SignalRWebUI\SignalRWebUI.csproj", "{057A0F71-ADF4-41C4-ACFC-16E479EF0EBB}"
EndProject
Global
	GlobalSection(SolutionConfigurationPlatforms) = preSolution
		Debug|Any CPU = Debug|Any CPU
		Release|Any CPU = Release|Any CPU
	EndGlobalSection
	GlobalSection(ProjectConfigurationPlatforms) = postSolution
		{A47F2AF0-E9CF-4117-8C13-FD0EDFB7C8C4}.Debug|Any CPU.ActiveCfg = Debug|Any CPU
		{A47F2AF0-E9CF-4117-8C13-FD0EDFB7C8C4}.Debug|Any CPU.Build.0 = Debug|Any CPU
		{A47F2AF0-E9CF-4117-8C13-FD0EDFB7C8C4}.Release|Any CPU.ActiveCfg = Release|Any CPU
		{A47F2AF0-E9CF-4117-8C13-FD0EDFB7C8C4}.Release|Any CPU.Build.0 = Release|Any CPU
		{1637CEF0-5E13-4E8B-91A0-3223856CFD4E}.Debug|Any CPU.ActiveCfg = Debug|Any CPU
		{1637CEF0-5E13-4E8B-91A0-3223856CFD4E}.Debug|Any CPU.Build.0 = Debug|Any CPU
		{1637CEF0-5E13-4E8B-91A0-3223856CFD4E}.Release|Any CPU.ActiveCfg = Release|Any CPU
		{1637CEF0-5E13-4E8B-91A0-3223856CFD4E}.Release|Any CPU.Build.0 = Release|Any CPU
		{92D3E1B9-B75C-4848-A398-756667F94EAE}.Debug|Any CPU.ActiveCfg = Debug|Any CPU
		{92D3E1B9-B75C-4848-A398-756667F94EAE}.Debug|Any CPU.Build.0 = Debug|Any CPU
		{92D3E1B9-B75C-4848-A398-756667F94EAE}.Release|Any CPU.ActiveCfg = Release|Any CPU
		{92D3E1B9-B75C-4848-A398-756667F94EAE}.Release|Any CPU.Build.0 = Release|Any CPU
		{E3B4F0A1-8074-41D1-A01A-752D955345F6}.Debug|Any CPU.ActiveCfg = Debug|Any CPU
		{E3B4F0A1-8074-41D1-A01A-752D955345F6}.Debug|Any CPU.Build.0 = Debug|Any CPU
		{E3B4F0A1-8074-41D1-A01A-752D955345F6}.Release|Any CPU.ActiveCfg = Release|Any CPU
		{E3B4F0A1-8074-41D1-A01A-752D955345F6}.Release|Any CPU.Build.0 = Release|Any CPU
		{057A0F71-ADF4-41C4-ACFC-16E479EF0EBB}.Debug|Any CPU.ActiveCfg = Debug|Any CPU
		{057A0F71-ADF4-41C4-ACFC-16E479EF0EBB}.Debug|Any CPU.Build.0 = Debug|Any CPU
		{057A0F71-ADF4-41C4-ACFC-16E479EF0EBB}.Release|Any CPU.ActiveCfg = Release|Any CPU
		{057A0F71-ADF4-41C4-ACFC-16E479EF0EBB}.Release|Any CPU.Build.0 = Release|Any CPU
	EndGlobalSection
	GlobalSection(SolutionProperties) = preSolution
		HideSolutionNode = FALSE
	EndGlobalSection
	GlobalSection(NestedProjects) = preSolution
		{A47F2AF0-E9CF-4117-8C13-FD0EDFB7C8C4} = {02EA681E-C7D8-13C7-8484-4AC65E1B71E8}
		{1637CEF0-5E13-4E8B-91A0-3223856CFD4E} = {02EA681E-C7D8-13C7-8484-4AC65E1B71E8}
		{92D3E1B9-B75C-4848-A398-756667F94EAE} = {02EA681E-C7D8-13C7-8484-4AC65E1B71E8}
		{E3B4F0A1-8074-41D1-A01A-752D955345F6} = {02EA681E-C7D8-13C7-8484-4AC65E1B71E8}
		{057A0F71-ADF4-41C4-ACFC-16E479EF0EBB} = {A217E0A9-55BD-4664-9408-388EE8E7EC15}
	EndGlobalSection
	GlobalSection(ExtensibilityGlobals) = postSolution
		SolutionGuid = {7B0C046E-F393-4DF2-B959-651B66ACA60D}
	EndGlobalSection
EndGlobal
